// !$*UTF8*$!
{
	archiveVersion = 1;
	classes = {
	};
	objectVersion = 46;
	objects = {

/* Begin PBXBuildFile section */
		8E348AF115E6C59600EA4FDF /* UIKit.framework in Frameworks */ = {isa = PBXBuildFile; fileRef = 8E348AF015E6C59600EA4FDF /* UIKit.framework */; };
		8E348AF315E6C59600EA4FDF /* Foundation.framework in Frameworks */ = {isa = PBXBuildFile; fileRef = 8E348AF215E6C59600EA4FDF /* Foundation.framework */; };
		8E348AF515E6C59600EA4FDF /* CoreGraphics.framework in Frameworks */ = {isa = PBXBuildFile; fileRef = 8E348AF415E6C59600EA4FDF /* CoreGraphics.framework */; };
		8E348AFB15E6C59600EA4FDF /* InfoPlist.strings in Resources */ = {isa = PBXBuildFile; fileRef = 8E348AF915E6C59600EA4FDF /* InfoPlist.strings */; };
		8E348AFD15E6C59600EA4FDF /* main.m in Sources */ = {isa = PBXBuildFile; fileRef = 8E348AFC15E6C59600EA4FDF /* main.m */; };
		8E348B0115E6C59600EA4FDF /* AppDelegate.m in Sources */ = {isa = PBXBuildFile; fileRef = 8E348B0015E6C59600EA4FDF /* AppDelegate.m */; };
		8E348B0415E6C59600EA4FDF /* FirstViewController.m in Sources */ = {isa = PBXBuildFile; fileRef = 8E348B0315E6C59600EA4FDF /* FirstViewController.m */; };
		8E348B0615E6C59700EA4FDF /* first.png in Resources */ = {isa = PBXBuildFile; fileRef = 8E348B0515E6C59600EA4FDF /* first.png */; };
		8E348B0815E6C59700EA4FDF /* first@2x.png in Resources */ = {isa = PBXBuildFile; fileRef = 8E348B0715E6C59700EA4FDF /* first@2x.png */; };
		8E348B0B15E6C59700EA4FDF /* SecondViewController.m in Sources */ = {isa = PBXBuildFile; fileRef = 8E348B0A15E6C59700EA4FDF /* SecondViewController.m */; };
		8E348B0D15E6C59700EA4FDF /* second.png in Resources */ = {isa = PBXBuildFile; fileRef = 8E348B0C15E6C59700EA4FDF /* second.png */; };
		8E348B0F15E6C59700EA4FDF /* second@2x.png in Resources */ = {isa = PBXBuildFile; fileRef = 8E348B0E15E6C59700EA4FDF /* second@2x.png */; };
		8E348B1215E6C59700EA4FDF /* FirstViewController.xib in Resources */ = {isa = PBXBuildFile; fileRef = 8E348B1015E6C59700EA4FDF /* FirstViewController.xib */; };
		8E348B1515E6C59700EA4FDF /* SecondViewController.xib in Resources */ = {isa = PBXBuildFile; fileRef = 8E348B1315E6C59700EA4FDF /* SecondViewController.xib */; };
		8E348B1D15E6C59700EA4FDF /* SenTestingKit.framework in Frameworks */ = {isa = PBXBuildFile; fileRef = 8E348B1C15E6C59700EA4FDF /* SenTestingKit.framework */; };
		8E348B1E15E6C59700EA4FDF /* UIKit.framework in Frameworks */ = {isa = PBXBuildFile; fileRef = 8E348AF015E6C59600EA4FDF /* UIKit.framework */; };
		8E348B1F15E6C59700EA4FDF /* Foundation.framework in Frameworks */ = {isa = PBXBuildFile; fileRef = 8E348AF215E6C59600EA4FDF /* Foundation.framework */; };
		8E348B2715E6C59700EA4FDF /* InfoPlist.strings in Resources */ = {isa = PBXBuildFile; fileRef = 8E348B2515E6C59700EA4FDF /* InfoPlist.strings */; };
		8E348B2A15E6C59700EA4FDF /* AndresMartinez_MDF1_Project4Tests.m in Sources */ = {isa = PBXBuildFile; fileRef = 8E348B2915E6C59700EA4FDF /* AndresMartinez_MDF1_Project4Tests.m */; };
		8E348B3515E6DA4B00EA4FDF /* listinfo.m in Sources */ = {isa = PBXBuildFile; fileRef = 8E348B3415E6DA4A00EA4FDF /* listinfo.m */; };
		8E348B3915E6E5FB00EA4FDF /* DetailViewController.m in Sources */ = {isa = PBXBuildFile; fileRef = 8E348B3715E6E5FA00EA4FDF /* DetailViewController.m */; };
		8E348B3A15E6E5FB00EA4FDF /* DetailViewController.xib in Resources */ = {isa = PBXBuildFile; fileRef = 8E348B3815E6E5FB00EA4FDF /* DetailViewController.xib */; };
		8ECFDB0E15E71787007BA2B0 /* icon.png in Resources */ = {isa = PBXBuildFile; fileRef = 8ECFDB0D15E71787007BA2B0 /* icon.png */; };
		8ECFDB1115E7178F007BA2B0 /* IconRetina.png in Resources */ = {isa = PBXBuildFile; fileRef = 8ECFDB1015E7178F007BA2B0 /* IconRetina.png */; };
		8ECFDB1315E71ACD007BA2B0 /* Default.png in Resources */ = {isa = PBXBuildFile; fileRef = 8ECFDB1215E71ACD007BA2B0 /* Default.png */; };
		8ECFDB1515E71AD2007BA2B0 /* Default@2x.png in Resources */ = {isa = PBXBuildFile; fileRef = 8ECFDB1415E71AD2007BA2B0 /* Default@2x.png */; };
		8ECFDB1E15E71CB4007BA2B0 /* ThirdViewController.m in Sources */ = {isa = PBXBuildFile; fileRef = 8ECFDB1C15E71CB4007BA2B0 /* ThirdViewController.m */; };
		8ECFDB1F15E71CB4007BA2B0 /* ThirdViewController.xib in Resources */ = {isa = PBXBuildFile; fileRef = 8ECFDB1D15E71CB4007BA2B0 /* ThirdViewController.xib */; };
		8ECFDB2115E71D95007BA2B0 /* Diagram.png in Resources */ = {isa = PBXBuildFile; fileRef = 8ECFDB2015E71D95007BA2B0 /* Diagram.png */; };
		8ECFDB2315E72204007BA2B0 /* Diagram_Info.jpg in Resources */ = {isa = PBXBuildFile; fileRef = 8ECFDB2215E72204007BA2B0 /* Diagram_Info.jpg */; };
		8ED8444915E714F8002E0508 /* Food.png in Resources */ = {isa = PBXBuildFile; fileRef = 8ED8444715E714F8002E0508 /* Food.png */; };
		8ED8444A15E714F8002E0508 /* Info.png in Resources */ = {isa = PBXBuildFile; fileRef = 8ED8444815E714F8002E0508 /* Info.png */; };
/* End PBXBuildFile section */

/* Begin PBXContainerItemProxy section */
		8E348B2015E6C59700EA4FDF /* PBXContainerItemProxy */ = {
			isa = PBXContainerItemProxy;
			containerPortal = 8E348AE315E6C59600EA4FDF /* Project object */;
			proxyType = 1;
			remoteGlobalIDString = 8E348AEB15E6C59600EA4FDF;
			remoteInfo = AndresMartinez_MDF1_Project4;
		};
/* End PBXContainerItemProxy section */

/* Begin PBXFileReference section */
		8E348AEC15E6C59600EA4FDF /* AndresMartinez_MDF1_Project4.app */ = {isa = PBXFileReference; explicitFileType = wrapper.application; includeInIndex = 0; path = AndresMartinez_MDF1_Project4.app; sourceTree = BUILT_PRODUCTS_DIR; };
		8E348AF015E6C59600EA4FDF /* UIKit.framework */ = {isa = PBXFileReference; lastKnownFileType = wrapper.framework; name = UIKit.framework; path = System/Library/Frameworks/UIKit.framework; sourceTree = SDKROOT; };
		8E348AF215E6C59600EA4FDF /* Foundation.framework */ = {isa = PBXFileReference; lastKnownFileType = wrapper.framework; name = Foundation.framework; path = System/Library/Frameworks/Foundation.framework; sourceTree = SDKROOT; };
		8E348AF415E6C59600EA4FDF /* CoreGraphics.framework */ = {isa = PBXFileReference; lastKnownFileType = wrapper.framework; name = CoreGraphics.framework; path = System/Library/Frameworks/CoreGraphics.framework; sourceTree = SDKROOT; };
		8E348AF815E6C59600EA4FDF /* AndresMartinez_MDF1_Project4-Info.plist */ = {isa = PBXFileReference; lastKnownFileType = text.plist.xml; path = "AndresMartinez_MDF1_Project4-Info.plist"; sourceTree = "<group>"; };
		8E348AFA15E6C59600EA4FDF /* en */ = {isa = PBXFileReference; lastKnownFileType = text.plist.strings; name = en; path = en.lproj/InfoPlist.strings; sourceTree = "<group>"; };
		8E348AFC15E6C59600EA4FDF /* main.m */ = {isa = PBXFileReference; lastKnownFileType = sourcecode.c.objc; path = main.m; sourceTree = "<group>"; };
		8E348AFE15E6C59600EA4FDF /* AndresMartinez_MDF1_Project4-Prefix.pch */ = {isa = PBXFileReference; lastKnownFileType = sourcecode.c.h; path = "AndresMartinez_MDF1_Project4-Prefix.pch"; sourceTree = "<group>"; };
		8E348AFF15E6C59600EA4FDF /* AppDelegate.h */ = {isa = PBXFileReference; lastKnownFileType = sourcecode.c.h; path = AppDelegate.h; sourceTree = "<group>"; };
		8E348B0015E6C59600EA4FDF /* AppDelegate.m */ = {isa = PBXFileReference; lastKnownFileType = sourcecode.c.objc; path = AppDelegate.m; sourceTree = "<group>"; };
		8E348B0215E6C59600EA4FDF /* FirstViewController.h */ = {isa = PBXFileReference; lastKnownFileType = sourcecode.c.h; path = FirstViewController.h; sourceTree = "<group>"; };
		8E348B0315E6C59600EA4FDF /* FirstViewController.m */ = {isa = PBXFileReference; lastKnownFileType = sourcecode.c.objc; path = FirstViewController.m; sourceTree = "<group>"; };
		8E348B0515E6C59600EA4FDF /* first.png */ = {isa = PBXFileReference; lastKnownFileType = image.png; path = first.png; sourceTree = "<group>"; };
		8E348B0715E6C59700EA4FDF /* first@2x.png */ = {isa = PBXFileReference; lastKnownFileType = image.png; path = "first@2x.png"; sourceTree = "<group>"; };
		8E348B0915E6C59700EA4FDF /* SecondViewController.h */ = {isa = PBXFileReference; lastKnownFileType = sourcecode.c.h; path = SecondViewController.h; sourceTree = "<group>"; };
		8E348B0A15E6C59700EA4FDF /* SecondViewController.m */ = {isa = PBXFileReference; lastKnownFileType = sourcecode.c.objc; path = SecondViewController.m; sourceTree = "<group>"; };
		8E348B0C15E6C59700EA4FDF /* second.png */ = {isa = PBXFileReference; lastKnownFileType = image.png; path = second.png; sourceTree = "<group>"; };
		8E348B0E15E6C59700EA4FDF /* second@2x.png */ = {isa = PBXFileReference; lastKnownFileType = image.png; path = "second@2x.png"; sourceTree = "<group>"; };
		8E348B1115E6C59700EA4FDF /* en */ = {isa = PBXFileReference; lastKnownFileType = file.xib; name = en; path = en.lproj/FirstViewController.xib; sourceTree = "<group>"; };
		8E348B1415E6C59700EA4FDF /* en */ = {isa = PBXFileReference; lastKnownFileType = file.xib; name = en; path = en.lproj/SecondViewController.xib; sourceTree = "<group>"; };
		8E348B1B15E6C59700EA4FDF /* AndresMartinez_MDF1_Project4Tests.octest */ = {isa = PBXFileReference; explicitFileType = wrapper.cfbundle; includeInIndex = 0; path = AndresMartinez_MDF1_Project4Tests.octest; sourceTree = BUILT_PRODUCTS_DIR; };
		8E348B1C15E6C59700EA4FDF /* SenTestingKit.framework */ = {isa = PBXFileReference; lastKnownFileType = wrapper.framework; name = SenTestingKit.framework; path = Library/Frameworks/SenTestingKit.framework; sourceTree = DEVELOPER_DIR; };
		8E348B2415E6C59700EA4FDF /* AndresMartinez_MDF1_Project4Tests-Info.plist */ = {isa = PBXFileReference; lastKnownFileType = text.plist.xml; path = "AndresMartinez_MDF1_Project4Tests-Info.plist"; sourceTree = "<group>"; };
		8E348B2615E6C59700EA4FDF /* en */ = {isa = PBXFileReference; lastKnownFileType = text.plist.strings; name = en; path = en.lproj/InfoPlist.strings; sourceTree = "<group>"; };
		8E348B2815E6C59700EA4FDF /* AndresMartinez_MDF1_Project4Tests.h */ = {isa = PBXFileReference; lastKnownFileType = sourcecode.c.h; path = AndresMartinez_MDF1_Project4Tests.h; sourceTree = "<group>"; };
		8E348B2915E6C59700EA4FDF /* AndresMartinez_MDF1_Project4Tests.m */ = {isa = PBXFileReference; lastKnownFileType = sourcecode.c.objc; path = AndresMartinez_MDF1_Project4Tests.m; sourceTree = "<group>"; };
		8E348B3315E6DA4A00EA4FDF /* listinfo.h */ = {isa = PBXFileReference; fileEncoding = 4; lastKnownFileType = sourcecode.c.h; path = listinfo.h; sourceTree = "<group>"; };
		8E348B3415E6DA4A00EA4FDF /* listinfo.m */ = {isa = PBXFileReference; fileEncoding = 4; lastKnownFileType = sourcecode.c.objc; path = listinfo.m; sourceTree = "<group>"; };
		8E348B3615E6E5FA00EA4FDF /* DetailViewController.h */ = {isa = PBXFileReference; fileEncoding = 4; lastKnownFileType = sourcecode.c.h; path = DetailViewController.h; sourceTree = "<group>"; };
		8E348B3715E6E5FA00EA4FDF /* DetailViewController.m */ = {isa = PBXFileReference; fileEncoding = 4; lastKnownFileType = sourcecode.c.objc; path = DetailViewController.m; sourceTree = "<group>"; };
		8E348B3815E6E5FB00EA4FDF /* DetailViewController.xib */ = {isa = PBXFileReference; fileEncoding = 4; lastKnownFileType = file.xib; path = DetailViewController.xib; sourceTree = "<group>"; };
		8ECFDB0D15E71787007BA2B0 /* icon.png */ = {isa = PBXFileReference; lastKnownFileType = image.png; path = icon.png; sourceTree = "<group>"; };
		8ECFDB1015E7178F007BA2B0 /* IconRetina.png */ = {isa = PBXFileReference; lastKnownFileType = image.png; path = IconRetina.png; sourceTree = "<group>"; };
		8ECFDB1215E71ACD007BA2B0 /* Default.png */ = {isa = PBXFileReference; lastKnownFileType = image.png; path = Default.png; sourceTree = "<group>"; };
		8ECFDB1415E71AD2007BA2B0 /* Default@2x.png */ = {isa = PBXFileReference; lastKnownFileType = image.png; path = "Default@2x.png"; sourceTree = "<group>"; };
		8ECFDB1B15E71CB4007BA2B0 /* ThirdViewController.h */ = {isa = PBXFileReference; fileEncoding = 4; lastKnownFileType = sourcecode.c.h; path = ThirdViewController.h; sourceTree = "<group>"; };
		8ECFDB1C15E71CB4007BA2B0 /* ThirdViewController.m */ = {isa = PBXFileReference; fileEncoding = 4; lastKnownFileType = sourcecode.c.objc; path = ThirdViewController.m; sourceTree = "<group>"; };
		8ECFDB1D15E71CB4007BA2B0 /* ThirdViewController.xib */ = {isa = PBXFileReference; fileEncoding = 4; lastKnownFileType = file.xib; path = ThirdViewController.xib; sourceTree = "<group>"; };
		8ECFDB2015E71D95007BA2B0 /* Diagram.png */ = {isa = PBXFileReference; lastKnownFileType = image.png; path = Diagram.png; sourceTree = "<group>"; };
		8ECFDB2215E72204007BA2B0 /* Diagram_Info.jpg */ = {isa = PBXFileReference; lastKnownFileType = image.jpeg; path = Diagram_Info.jpg; sourceTree = "<group>"; };
		8ED8444715E714F8002E0508 /* Food.png */ = {isa = PBXFileReference; lastKnownFileType = image.png; path = Food.png; sourceTree = "<group>"; };
		8ED8444815E714F8002E0508 /* Info.png */ = {isa = PBXFileReference; lastKnownFileType = image.png; path = Info.png; sourceTree = "<group>"; };
/* End PBXFileReference section */

/* Begin PBXFrameworksBuildPhase section */
		8E348AE915E6C59600EA4FDF /* Frameworks */ = {
			isa = PBXFrameworksBuildPhase;
			buildActionMask = 2147483647;
			files = (
				8E348AF115E6C59600EA4FDF /* UIKit.framework in Frameworks */,
				8E348AF315E6C59600EA4FDF /* Foundation.framework in Frameworks */,
				8E348AF515E6C59600EA4FDF /* CoreGraphics.framework in Frameworks */,
			);
			runOnlyForDeploymentPostprocessing = 0;
		};
		8E348B1715E6C59700EA4FDF /* Frameworks */ = {
			isa = PBXFrameworksBuildPhase;
			buildActionMask = 2147483647;
			files = (
				8E348B1D15E6C59700EA4FDF /* SenTestingKit.framework in Frameworks */,
				8E348B1E15E6C59700EA4FDF /* UIKit.framework in Frameworks */,
				8E348B1F15E6C59700EA4FDF /* Foundation.framework in Frameworks */,
			);
			runOnlyForDeploymentPostprocessing = 0;
		};
/* End PBXFrameworksBuildPhase section */

/* Begin PBXGroup section */
		8E348AE115E6C59600EA4FDF = {
			isa = PBXGroup;
			children = (
				8ECFDB1415E71AD2007BA2B0 /* Default@2x.png */,
				8ECFDB1215E71ACD007BA2B0 /* Default.png */,
				8ECFDB1015E7178F007BA2B0 /* IconRetina.png */,
				8ECFDB0D15E71787007BA2B0 /* icon.png */,
				8E348AF615E6C59600EA4FDF /* AndresMartinez_MDF1_Project4 */,
				8E348B2215E6C59700EA4FDF /* AndresMartinez_MDF1_Project4Tests */,
				8E348AEF15E6C59600EA4FDF /* Frameworks */,
				8E348AED15E6C59600EA4FDF /* Products */,
			);
			sourceTree = "<group>";
		};
		8E348AED15E6C59600EA4FDF /* Products */ = {
			isa = PBXGroup;
			children = (
				8E348AEC15E6C59600EA4FDF /* AndresMartinez_MDF1_Project4.app */,
				8E348B1B15E6C59700EA4FDF /* AndresMartinez_MDF1_Project4Tests.octest */,
			);
			name = Products;
			sourceTree = "<group>";
		};
		8E348AEF15E6C59600EA4FDF /* Frameworks */ = {
			isa = PBXGroup;
			children = (
				8E348AF015E6C59600EA4FDF /* UIKit.framework */,
				8E348AF215E6C59600EA4FDF /* Foundation.framework */,
				8E348AF415E6C59600EA4FDF /* CoreGraphics.framework */,
				8E348B1C15E6C59700EA4FDF /* SenTestingKit.framework */,
			);
			name = Frameworks;
			sourceTree = "<group>";
		};
		8E348AF615E6C59600EA4FDF /* AndresMartinez_MDF1_Project4 */ = {
			isa = PBXGroup;
			children = (
				8ECFDB2215E72204007BA2B0 /* Diagram_Info.jpg */,
				8ECFDB2015E71D95007BA2B0 /* Diagram.png */,
				8ED8444715E714F8002E0508 /* Food.png */,
				8ED8444815E714F8002E0508 /* Info.png */,
				8E348AFF15E6C59600EA4FDF /* AppDelegate.h */,
				8E348B0015E6C59600EA4FDF /* AppDelegate.m */,
				8E348B0215E6C59600EA4FDF /* FirstViewController.h */,
				8E348B0315E6C59600EA4FDF /* FirstViewController.m */,
				8E348B1015E6C59700EA4FDF /* FirstViewController.xib */,
				8E348B0515E6C59600EA4FDF /* first.png */,
				8E348B0715E6C59700EA4FDF /* first@2x.png */,
				8E348B0915E6C59700EA4FDF /* SecondViewController.h */,
				8E348B0A15E6C59700EA4FDF /* SecondViewController.m */,
				8E348B1315E6C59700EA4FDF /* SecondViewController.xib */,
				8E348B0C15E6C59700EA4FDF /* second.png */,
				8E348B0E15E6C59700EA4FDF /* second@2x.png */,
				8E348AF715E6C59600EA4FDF /* Supporting Files */,
				8E348B3315E6DA4A00EA4FDF /* listinfo.h */,
				8E348B3415E6DA4A00EA4FDF /* listinfo.m */,
				8E348B3615E6E5FA00EA4FDF /* DetailViewController.h */,
				8E348B3715E6E5FA00EA4FDF /* DetailViewController.m */,
				8E348B3815E6E5FB00EA4FDF /* DetailViewController.xib */,
				8ECFDB1B15E71CB4007BA2B0 /* ThirdViewController.h */,
				8ECFDB1C15E71CB4007BA2B0 /* ThirdViewController.m */,
				8ECFDB1D15E71CB4007BA2B0 /* ThirdViewController.xib */,
			);
			path = AndresMartinez_MDF1_Project4;
			sourceTree = "<group>";
		};
		8E348AF715E6C59600EA4FDF /* Supporting Files */ = {
			isa = PBXGroup;
			children = (
				8E348AF815E6C59600EA4FDF /* AndresMartinez_MDF1_Project4-Info.plist */,
				8E348AF915E6C59600EA4FDF /* InfoPlist.strings */,
				8E348AFC15E6C59600EA4FDF /* main.m */,
				8E348AFE15E6C59600EA4FDF /* AndresMartinez_MDF1_Project4-Prefix.pch */,
			);
			name = "Supporting Files";
			sourceTree = "<group>";
		};
		8E348B2215E6C59700EA4FDF /* AndresMartinez_MDF1_Project4Tests */ = {
			isa = PBXGroup;
			children = (
				8E348B2815E6C59700EA4FDF /* AndresMartinez_MDF1_Project4Tests.h */,
				8E348B2915E6C59700EA4FDF /* AndresMartinez_MDF1_Project4Tests.m */,
				8E348B2315E6C59700EA4FDF /* Supporting Files */,
			);
			path = AndresMartinez_MDF1_Project4Tests;
			sourceTree = "<group>";
		};
		8E348B2315E6C59700EA4FDF /* Supporting Files */ = {
			isa = PBXGroup;
			children = (
				8E348B2415E6C59700EA4FDF /* AndresMartinez_MDF1_Project4Tests-Info.plist */,
				8E348B2515E6C59700EA4FDF /* InfoPlist.strings */,
			);
			name = "Supporting Files";
			sourceTree = "<group>";
		};
/* End PBXGroup section */

/* Begin PBXNativeTarget section */
		8E348AEB15E6C59600EA4FDF /* AndresMartinez_MDF1_Project4 */ = {
			isa = PBXNativeTarget;
			buildConfigurationList = 8E348B2D15E6C59700EA4FDF /* Build configuration list for PBXNativeTarget "AndresMartinez_MDF1_Project4" */;
			buildPhases = (
				8E348AE815E6C59600EA4FDF /* Sources */,
				8E348AE915E6C59600EA4FDF /* Frameworks */,
				8E348AEA15E6C59600EA4FDF /* Resources */,
			);
			buildRules = (
			);
			dependencies = (
			);
			name = AndresMartinez_MDF1_Project4;
			productName = AndresMartinez_MDF1_Project4;
			productReference = 8E348AEC15E6C59600EA4FDF /* AndresMartinez_MDF1_Project4.app */;
			productType = "com.apple.product-type.application";
		};
		8E348B1A15E6C59700EA4FDF /* AndresMartinez_MDF1_Project4Tests */ = {
			isa = PBXNativeTarget;
			buildConfigurationList = 8E348B3015E6C59700EA4FDF /* Build configuration list for PBXNativeTarget "AndresMartinez_MDF1_Project4Tests" */;
			buildPhases = (
				8E348B1615E6C59700EA4FDF /* Sources */,
				8E348B1715E6C59700EA4FDF /* Frameworks */,
				8E348B1815E6C59700EA4FDF /* Resources */,
				8E348B1915E6C59700EA4FDF /* ShellScript */,
			);
			buildRules = (
			);
			dependencies = (
				8E348B2115E6C59700EA4FDF /* PBXTargetDependency */,
			);
			name = AndresMartinez_MDF1_Project4Tests;
			productName = AndresMartinez_MDF1_Project4Tests;
			productReference = 8E348B1B15E6C59700EA4FDF /* AndresMartinez_MDF1_Project4Tests.octest */;
			productType = "com.apple.product-type.bundle";
		};
/* End PBXNativeTarget section */

/* Begin PBXProject section */
		8E348AE315E6C59600EA4FDF /* Project object */ = {
			isa = PBXProject;
			attributes = {
				LastUpgradeCheck = 0420;
			};
			buildConfigurationList = 8E348AE615E6C59600EA4FDF /* Build configuration list for PBXProject "AndresMartinez_MDF1_Project4" */;
			compatibilityVersion = "Xcode 3.2";
			developmentRegion = English;
			hasScannedForEncodings = 0;
			knownRegions = (
				en,
			);
			mainGroup = 8E348AE115E6C59600EA4FDF;
			productRefGroup = 8E348AED15E6C59600EA4FDF /* Products */;
			projectDirPath = "";
			projectRoot = "";
			targets = (
				8E348AEB15E6C59600EA4FDF /* AndresMartinez_MDF1_Project4 */,
				8E348B1A15E6C59700EA4FDF /* AndresMartinez_MDF1_Project4Tests */,
			);
		};
/* End PBXProject section */

/* Begin PBXResourcesBuildPhase section */
		8E348AEA15E6C59600EA4FDF /* Resources */ = {
			isa = PBXResourcesBuildPhase;
			buildActionMask = 2147483647;
			files = (
				8E348AFB15E6C59600EA4FDF /* InfoPlist.strings in Resources */,
				8E348B0615E6C59700EA4FDF /* first.png in Resources */,
				8E348B0815E6C59700EA4FDF /* first@2x.png in Resources */,
				8E348B0D15E6C59700EA4FDF /* second.png in Resources */,
				8E348B0F15E6C59700EA4FDF /* second@2x.png in Resources */,
				8E348B1215E6C59700EA4FDF /* FirstViewController.xib in Resources */,
				8E348B1515E6C59700EA4FDF /* SecondViewController.xib in Resources */,
				8E348B3A15E6E5FB00EA4FDF /* DetailViewController.xib in Resources */,
				8ED8444915E714F8002E0508 /* Food.png in Resources */,
				8ED8444A15E714F8002E0508 /* Info.png in Resources */,
				8ECFDB0E15E71787007BA2B0 /* icon.png in Resources */,
				8ECFDB1115E7178F007BA2B0 /* IconRetina.png in Resources */,
				8ECFDB1315E71ACD007BA2B0 /* Default.png in Resources */,
				8ECFDB1515E71AD2007BA2B0 /* Default@2x.png in Resources */,
				8ECFDB1F15E71CB4007BA2B0 /* ThirdViewController.xib in Resources */,
				8ECFDB2115E71D95007BA2B0 /* Diagram.png in Resources */,
				8ECFDB2315E72204007BA2B0 /* Diagram_Info.jpg in Resources */,
			);
			runOnlyForDeploymentPostprocessing = 0;
		};
		8E348B1815E6C59700EA4FDF /* Resources */ = {
			isa = PBXResourcesBuildPhase;
			buildActionMask = 2147483647;
			files = (
				8E348B2715E6C59700EA4FDF /* InfoPlist.strings in Resources */,
			);
			runOnlyForDeploymentPostprocessing = 0;
		};
/* End PBXResourcesBuildPhase section */

/* Begin PBXShellScriptBuildPhase section */
		8E348B1915E6C59700EA4FDF /* ShellScript */ = {
			isa = PBXShellScriptBuildPhase;
			buildActionMask = 2147483647;
			files = (
			);
			inputPaths = (
			);
			outputPaths = (
			);
			runOnlyForDeploymentPostprocessing = 0;
			shellPath = /bin/sh;
			shellScript = "# Run the unit tests in this test bundle.\n\"${SYSTEM_DEVELOPER_DIR}/Tools/RunUnitTests\"\n";
		};
/* End PBXShellScriptBuildPhase section */

/* Begin PBXSourcesBuildPhase section */
		8E348AE815E6C59600EA4FDF /* Sources */ = {
			isa = PBXSourcesBuildPhase;
			buildActionMask = 2147483647;
			files = (
				8E348AFD15E6C59600EA4FDF /* main.m in Sources */,
				8E348B0115E6C59600EA4FDF /* AppDelegate.m in Sources */,
				8E348B0415E6C59600EA4FDF /* FirstViewController.m in Sources */,
				8E348B0B15E6C59700EA4FDF /* SecondViewController.m in Sources */,
				8E348B3515E6DA4B00EA4FDF /* listinfo.m in Sources */,
				8E348B3915E6E5FB00EA4FDF /* DetailViewController.m in Sources */,
				8ECFDB1E15E71CB4007BA2B0 /* ThirdViewController.m in Sources */,
			);
			runOnlyForDeploymentPostprocessing = 0;
		};
		8E348B1615E6C59700EA4FDF /* Sources */ = {
			isa = PBXSourcesBuildPhase;
			buildActionMask = 2147483647;
			files = (
				8E348B2A15E6C59700EA4FDF /* AndresMartinez_MDF1_Project4Tests.m in Sources */,
			);
			runOnlyForDeploymentPostprocessing = 0;
		};
/* End PBXSourcesBuildPhase section */

/* Begin PBXTargetDependency section */
		8E348B2115E6C59700EA4FDF /* PBXTargetDependency */ = {
			isa = PBXTargetDependency;
			target = 8E348AEB15E6C59600EA4FDF /* AndresMartinez_MDF1_Project4 */;
			targetProxy = 8E348B2015E6C59700EA4FDF /* PBXContainerItemProxy */;
		};
/* End PBXTargetDependency section */

/* Begin PBXVariantGroup section */
		8E348AF915E6C59600EA4FDF /* InfoPlist.strings */ = {
			isa = PBXVariantGroup;
			children = (
				8E348AFA15E6C59600EA4FDF /* en */,
			);
			name = InfoPlist.strings;
			sourceTree = "<group>";
		};
		8E348B1015E6C59700EA4FDF /* FirstViewController.xib */ = {
			isa = PBXVariantGroup;
			children = (
				8E348B1115E6C59700EA4FDF /* en */,
			);
			name = FirstViewController.xib;
			sourceTree = "<group>";
		};
		8E348B1315E6C59700EA4FDF /* SecondViewController.xib */ = {
			isa = PBXVariantGroup;
			children = (
				8E348B1415E6C59700EA4FDF /* en */,
			);
			name = SecondViewController.xib;
			sourceTree = "<group>";
		};
		8E348B2515E6C59700EA4FDF /* InfoPlist.strings */ = {
			isa = PBXVariantGroup;
			children = (
				8E348B2615E6C59700EA4FDF /* en */,
			);
			name = InfoPlist.strings;
			sourceTree = "<group>";
		};
/* End PBXVariantGroup section */

/* Begin XCBuildConfiguration section */
		8E348B2B15E6C59700EA4FDF /* Debug */ = {
			isa = XCBuildConfiguration;
			buildSettings = {
				ALWAYS_SEARCH_USER_PATHS = NO;
				ARCHS = "$(ARCHS_STANDARD_32_BIT)";
				CLANG_ENABLE_OBJC_ARC = YES;
				"CODE_SIGN_IDENTITY[sdk=iphoneos*]" = "iPhone Developer";
				COPY_PHASE_STRIP = NO;
				GCC_C_LANGUAGE_STANDARD = gnu99;
				GCC_DYNAMIC_NO_PIC = NO;
				GCC_OPTIMIZATION_LEVEL = 0;
				GCC_PREPROCESSOR_DEFINITIONS = (
					"DEBUG=1",
					"$(inherited)",
				);
				GCC_SYMBOLS_PRIVATE_EXTERN = NO;
				GCC_VERSION = com.apple.compilers.llvm.clang.1_0;
				GCC_WARN_ABOUT_MISSING_PROTOTYPES = YES;
				GCC_WARN_ABOUT_RETURN_TYPE = YES;
				GCC_WARN_UNUSED_VARIABLE = YES;
				IPHONEOS_DEPLOYMENT_TARGET = 5.0;
				SDKROOT = iphoneos;
			};
			name = Debug;
		};
		8E348B2C15E6C59700EA4FDF /* Release */ = {
			isa = XCBuildConfiguration;
			buildSettings = {
				ALWAYS_SEARCH_USER_PATHS = NO;
				ARCHS = "$(ARCHS_STANDARD_32_BIT)";
				CLANG_ENABLE_OBJC_ARC = YES;
				"CODE_SIGN_IDENTITY[sdk=iphoneos*]" = "iPhone Developer";
				COPY_PHASE_STRIP = YES;
				GCC_C_LANGUAGE_STANDARD = gnu99;
				GCC_VERSION = com.apple.compilers.llvm.clang.1_0;
				GCC_WARN_ABOUT_MISSING_PROTOTYPES = YES;
				GCC_WARN_ABOUT_RETURN_TYPE = YES;
				GCC_WARN_UNUSED_VARIABLE = YES;
				IPHONEOS_DEPLOYMENT_TARGET = 5.0;
				OTHER_CFLAGS = "-DNS_BLOCK_ASSERTIONS=1";
				SDKROOT = iphoneos;
				VALIDATE_PRODUCT = YES;
			};
			name = Release;
		};
		8E348B2E15E6C59700EA4FDF /* Debug */ = {
			isa = XCBuildConfiguration;
			buildSettings = {
				GCC_PRECOMPILE_PREFIX_HEADER = YES;
				GCC_PREFIX_HEADER = "AndresMartinez_MDF1_Project4/AndresMartinez_MDF1_Project4-Prefix.pch";
				INFOPLIST_FILE = "AndresMartinez_MDF1_Project4/AndresMartinez_MDF1_Project4-Info.plist";
				PRODUCT_NAME = "$(TARGET_NAME)";
				WRAPPER_EXTENSION = app;
			};
			name = Debug;
		};
		8E348B2F15E6C59700EA4FDF /* Release */ = {
			isa = XCBuildConfiguration;
			buildSettings = {
				GCC_PRECOMPILE_PREFIX_HEADER = YES;
				GCC_PREFIX_HEADER = "AndresMartinez_MDF1_Project4/AndresMartinez_MDF1_Project4-Prefix.pch";
				INFOPLIST_FILE = "AndresMartinez_MDF1_Project4/AndresMartinez_MDF1_Project4-Info.plist";
				PRODUCT_NAME = "$(TARGET_NAME)";
				WRAPPER_EXTENSION = app;
			};
			name = Release;
		};
		8E348B3115E6C59700EA4FDF /* Debug */ = {
			isa = XCBuildConfiguration;
			buildSettings = {
				BUNDLE_LOADER = "$(BUILT_PRODUCTS_DIR)/AndresMartinez_MDF1_Project4.app/AndresMartinez_MDF1_Project4";
				FRAMEWORK_SEARCH_PATHS = (
					"$(SDKROOT)/Developer/Library/Frameworks",
					"$(DEVELOPER_LIBRARY_DIR)/Frameworks",
				);
				GCC_PRECOMPILE_PREFIX_HEADER = YES;
				GCC_PREFIX_HEADER = "AndresMartinez_MDF1_Project4/AndresMartinez_MDF1_Project4-Prefix.pch";
				INFOPLIST_FILE = "AndresMartinez_MDF1_Project4Tests/AndresMartinez_MDF1_Project4Tests-Info.plist";
				PRODUCT_NAME = "$(TARGET_NAME)";
				TEST_HOST = "$(BUNDLE_LOADER)";
				WRAPPER_EXTENSION = octest;
			};
			name = Debug;
		};
		8E348B3215E6C59700EA4FDF /* Release */ = {
			isa = XCBuildConfiguration;
			buildSettings = {
				BUNDLE_LOADER = "$(BUILT_PRODUCTS_DIR)/AndresMartinez_MDF1_Project4.app/AndresMartinez_MDF1_Project4";
				FRAMEWORK_SEARCH_PATHS = (
					"$(SDKROOT)/Developer/Library/Frameworks",
					"$(DEVELOPER_LIBRARY_DIR)/Frameworks",
				);
				GCC_PRECOMPILE_PREFIX_HEADER = YES;
				GCC_PREFIX_HEADER = "AndresMartinez_MDF1_Project4/AndresMartinez_MDF1_Project4-Prefix.pch";
				INFOPLIST_FILE = "AndresMartinez_MDF1_Project4Tests/AndresMartinez_MDF1_Project4Tests-Info.plist";
				PRODUCT_NAME = "$(TARGET_NAME)";
				TEST_HOST = "$(BUNDLE_LOADER)";
				WRAPPER_EXTENSION = octest;
			};
			name = Release;
		};
/* End XCBuildConfiguration section */

/* Begin XCConfigurationList section */
		8E348AE615E6C59600EA4FDF /* Build configuration list for PBXProject "AndresMartinez_MDF1_Project4" */ = {
			isa = XCConfigurationList;
			buildConfigurations = (
				8E348B2B15E6C59700EA4FDF /* Debug */,
				8E348B2C15E6C59700EA4FDF /* Release */,
			);
			defaultConfigurationIsVisible = 0;
			defaultConfigurationName = Release;
		};
		8E348B2D15E6C59700EA4FDF /* Build configuration list for PBXNativeTarget "AndresMartinez_MDF1_Project4" */ = {
			isa = XCConfigurationList;
			buildConfigurations = (
				8E348B2E15E6C59700EA4FDF /* Debug */,
				8E348B2F15E6C59700EA4FDF /* Release */,
			);
			defaultConfigurationIsVisible = 0;
			defaultConfigurationName = Release;
		};
		8E348B3015E6C59700EA4FDF /* Build configuration list for PBXNativeTarget "AndresMartinez_MDF1_Project4Tests" */ = {
			isa = XCConfigurationList;
			buildConfigurations = (
				8E348B3115E6C59700EA4FDF /* Debug */,
				8E348B3215E6C59700EA4FDF /* Release */,
			);
			defaultConfigurationIsVisible = 0;
			defaultConfigurationName = Release;
		};
/* End XCConfigurationList section */
	};
	rootObject = 8E348AE315E6C59600EA4FDF /* Project object */;
}
